Microsoft Visual Studio Solution File, Format Version 8.00
Project("{FAE04EC0-301F-11D3-BF4B-00C04F79EFBC}") = "health_clinicClassDiagram", "health_clinicClassDiagram.csproj", "{DC7AED20-D51C-448A-90BC-C341EB97D786}"
EndProject
Global
	GlobalSection(SolutionConfiguration) = preSolution
		ConfigName.0 = Debug
		ConfigName.1 = Release
	EndGlobalSection
	GlobalSection(ProjectDependencies) = postSolution
	EndGlobalSection
	GlobalSection(ProjectConfiguration) = postSolution
		{DC7AED20-D51C-448A-90BC-C341EB97D786}.Debug.ActiveCfg = Debug|.NET
		{DC7AED20-D51C-448A-90BC-C341EB97D786}.Debug.Build.0 = Debug|.NET
		{DC7AED20-D51C-448A-90BC-C341EB97D786}.Release.ActiveCfg = Release|.NET
		{DC7AED20-D51C-448A-90BC-C341EB97D786}.Release.Build.0 = Release|.NET
	EndGlobalSection
	GlobalSection(ExtensibilityGlobals) = postSolution
	EndGlobalSection
	GlobalSection(ExtensibilityAddIns) = postSolution
	EndGlobalSection
EndGlobal